schema: '2.0'
stages:
  data_ingestion:
    cmd:
    - python src/data/data_ingestion.py
    deps:
    - path: src/data/data_ingestion.py
      hash: md5
      md5: 09c2c6f0a7e97b9b4c63dcfa281a8d88
      size: 3362
    params:
      params.yaml:
        data_ingestion.test_size: 0.2
    outs:
    - path: datas/raw
      hash: md5
      md5: 86b901c88933c7f90a5226dee78b241f.dir
      size: 631949
      nfiles: 2
  data_preprocessing:
    cmd:
    - python src/data/data_preprocessing.py
    deps:
    - path: datas/raw
      hash: md5
      md5: 86b901c88933c7f90a5226dee78b241f.dir
      size: 631949
      nfiles: 2
    - path: src/data/data_preprocessing.py
      hash: md5
      md5: 7df591b6f8eae8f8ad5fc384c3328f65
      size: 2470
    outs:
    - path: datas/interim
      hash: md5
      md5: 5868c336343c3da9a155a7b5b283556b.dir
      size: 400881
      nfiles: 2
  feature_engineering:
    cmd:
    - python src/features/feature_engineering.py
    deps:
    - path: datas/interim
      hash: md5
      md5: 5868c336343c3da9a155a7b5b283556b.dir
      size: 400881
      nfiles: 2
    - path: src/features/feature_engineering.py
      hash: md5
      md5: 09e2b5b9387b2fba147c06bbf046be6f
      size: 3375
    params:
      params.yaml:
        feature_engineering.max_features: 50
    outs:
    - path: datas/processed
      hash: md5
      md5: 9d3363b560da00514da37bca3268293a.dir
      size: 51833
      nfiles: 2
    - path: models/vectorizer.pkl
      hash: md5
      md5: 43c4e91f6ae6d052ce870f632fa44dd4
      size: 1854
  model_building:
    cmd:
    - python src/model/model_building.py
    deps:
    - path: datas/processed
      hash: md5
      md5: 9d3363b560da00514da37bca3268293a.dir
      size: 51833
      nfiles: 2
    - path: src/model/model_building.py
      hash: md5
      md5: ef3480ba7aceb81118aa3a97e8e3997a
      size: 1877
    outs:
    - path: models/model.pkl
      hash: md5
      md5: 990b310567ab8161900f511451cd1832
      size: 2516
  model_evaluation:
    cmd:
    - python src/model/model_evaluation.py
    deps:
    - path: models/model.pkl
      hash: md5
      md5: 990b310567ab8161900f511451cd1832
      size: 2516
    - path: src/model/model_evaluation.py
      hash: md5
      md5: dae977ad5f7cede09502cae760469274
      size: 5678
    outs:
    - path: reports/experiment_info.json
      hash: md5
      md5: 724279216c1087162793702c6c14bf55
      size: 118
    - path: reports/metrics.json
      hash: md5
      md5: 5520a2bb5b046c6b767d03cb13499f99
      size: 131
  model_registration:
    cmd:
    - python src/model/model_registry.py
    deps:
    - path: reports/experiment_info.json
      hash: md5
      md5: 724279216c1087162793702c6c14bf55
      size: 118
    - path: src/model/model_registry.py
      hash: md5
      md5: 8e07e2078529e28fef4fe27d0cf90242
      size: 2884
